<?xml version="1.0" encoding="utf-8"?>
<Project ToolsVersion="4.0" xmlns="http://schemas.microsoft.com/developer/msbuild/2003">
  <ItemGroup>
    <Filter Include="Source Files">
      <UniqueIdentifier>{4FC737F1-C7A5-4376-A066-2A32D752A2FF}</UniqueIdentifier>
      <Extensions>cpp;c;cc;cxx;c++;cppm;ixx;def;odl;idl;hpj;bat;asm;asmx</Extensions>
    </Filter>
    <Filter Include="Framework">
      <UniqueIdentifier>{6ec4c09e-d309-4619-a690-3c6cf7f6b90a}</UniqueIdentifier>
    </Filter>
    <Filter Include="Framework\Sprites">
      <UniqueIdentifier>{f26774bb-9624-4b51-9e13-8a3b21f15229}</UniqueIdentifier>
    </Filter>
    <Filter Include="Framework\Textures">
      <UniqueIdentifier>{95bfbd3e-ade5-42cc-816f-4e9b068d869a}</UniqueIdentifier>
    </Filter>
    <Filter Include="Framework\Camera">
      <UniqueIdentifier>{58c4f323-3716-43a1-8975-6314f66d2031}</UniqueIdentifier>
    </Filter>
    <Filter Include="Framework\Transform">
      <UniqueIdentifier>{26c9e379-87c0-4787-9673-584c0de4d03d}</UniqueIdentifier>
    </Filter>
    <Filter Include="Framework\QuadTree">
      <UniqueIdentifier>{9075b275-fdc5-4b13-8912-3101b99c75b9}</UniqueIdentifier>
    </Filter>
    <Filter Include="Framework\Sprites\Animation">
      <UniqueIdentifier>{25859531-b9ad-4ffc-811b-6e72c45d36f1}</UniqueIdentifier>
    </Filter>
    <Filter Include="Framework\Keyboard Handler">
      <UniqueIdentifier>{e9d5e5d1-2c93-4da8-bd99-f2609b43eb4a}</UniqueIdentifier>
    </Filter>
    <Filter Include="Game">
      <UniqueIdentifier>{e00d61de-d3c7-41eb-a8ee-2ba85b8bbb33}</UniqueIdentifier>
    </Filter>
    <Filter Include="Game\Base">
      <UniqueIdentifier>{b4607eff-654f-464b-9a00-06209fd054a8}</UniqueIdentifier>
    </Filter>
    <Filter Include="Game\Game objects">
      <UniqueIdentifier>{145fc807-d6bc-4651-af49-4db3e2e59685}</UniqueIdentifier>
    </Filter>
    <Filter Include="Game\Game objects\Base">
      <UniqueIdentifier>{635c6bf1-dd07-4f83-9edc-483c171038e6}</UniqueIdentifier>
    </Filter>
    <Filter Include="Game\Game objects\Enemies">
      <UniqueIdentifier>{1000ea67-8118-4f8a-8421-6b43b6bf7d56}</UniqueIdentifier>
    </Filter>
    <Filter Include="Game\Game objects\Enemies\Eyelet">
      <UniqueIdentifier>{49b3ddb9-9149-4fba-b1a6-7f5978b0bda3}</UniqueIdentifier>
    </Filter>
    <Filter Include="Game\Game objects\Enemies\Drap">
      <UniqueIdentifier>{54dcf7fd-5161-4238-a203-bf3f039e9944}</UniqueIdentifier>
    </Filter>
    <Filter Include="Game\Game objects\Enemies\Stuka">
      <UniqueIdentifier>{229d5642-cc13-417c-93a5-875430136bf5}</UniqueIdentifier>
    </Filter>
    <Filter Include="Game\Game objects\Enemies\GX-680">
      <UniqueIdentifier>{bec3366a-fc84-4792-9ff1-f4f0413b48ab}</UniqueIdentifier>
    </Filter>
    <Filter Include="Game\Game objects\Enemies\GX-680S">
      <UniqueIdentifier>{9739e1de-0b17-4b12-bc0e-3a775a4194e4}</UniqueIdentifier>
    </Filter>
    <Filter Include="Game\Game objects\Enemies\Laser Guard">
      <UniqueIdentifier>{401e90de-9098-4775-aa0b-6c913d3da027}</UniqueIdentifier>
    </Filter>
    <Filter Include="Game\Game objects\Enemies\Offside">
      <UniqueIdentifier>{8b524ba3-3e50-466c-be7b-373b8552afcd}</UniqueIdentifier>
    </Filter>
    <Filter Include="Framework\Util">
      <UniqueIdentifier>{b48ec041-8e0d-4b7b-9ad1-1bd84e4704ae}</UniqueIdentifier>
    </Filter>
    <Filter Include="Framework\Collision">
      <UniqueIdentifier>{a01183fa-2caa-4e06-a435-2ef9e489d45b}</UniqueIdentifier>
    </Filter>
    <Filter Include="Game\Enviroment">
      <UniqueIdentifier>{c1deae0b-8f64-4139-b3ce-5bab24f4db97}</UniqueIdentifier>
    </Filter>
    <Filter Include="Game\Game objects\Bullet">
      <UniqueIdentifier>{8d221e89-3451-4498-83b7-5b37f7603e78}</UniqueIdentifier>
    </Filter>
    <Filter Include="Game\Game objects\Enemies\Ballot">
      <UniqueIdentifier>{17c37eed-7b93-400b-9419-adc6f03be509}</UniqueIdentifier>
    </Filter>
    <Filter Include="Framework\TriggerTag">
      <UniqueIdentifier>{d80ea173-6df2-48ff-8371-e0168a6fb49b}</UniqueIdentifier>
    </Filter>
    <Filter Include="Framework\Scene">
      <UniqueIdentifier>{3741cb27-02d7-4b71-aca0-e77d89b1990f}</UniqueIdentifier>
    </Filter>
    <Filter Include="Framework\Player">
      <UniqueIdentifier>{3d495df0-1ee0-4ebd-bb4b-7be349c822ef}</UniqueIdentifier>
    </Filter>
    <Filter Include="Game\Game objects\Gate">
      <UniqueIdentifier>{b128c53d-f46b-481b-8b12-13b41c1aa110}</UniqueIdentifier>
    </Filter>
    <Filter Include="Game\Game objects\Player">
      <UniqueIdentifier>{ff51a7ad-7f7a-41b7-bc5f-1c5b9792ab90}</UniqueIdentifier>
    </Filter>
    <Filter Include="Game\Game objects\Player\Jason">
      <UniqueIdentifier>{8e747e62-5174-4e06-8ebd-c2858108be33}</UniqueIdentifier>
    </Filter>
    <Filter Include="Game\Game objects\Player\Jason\State">
      <UniqueIdentifier>{d66ed72c-e488-4303-a84e-e65a30745cb9}</UniqueIdentifier>
    </Filter>
    <Filter Include="Game\Game objects\Player\Sophia">
      <UniqueIdentifier>{970a2267-9c06-411d-add0-550f9651acbc}</UniqueIdentifier>
    </Filter>
    <Filter Include="Game\Game objects\Player\Sophia\Parts">
      <UniqueIdentifier>{906345ed-91e6-4720-b0e7-c628e6e5e4e0}</UniqueIdentifier>
    </Filter>
    <Filter Include="Game\Game objects\Player\Sophia\Parts\Wheel">
      <UniqueIdentifier>{3af5c48c-cea7-41cb-8d2b-cc69e724611e}</UniqueIdentifier>
    </Filter>
    <Filter Include="Game\Game objects\Player\Sophia\Parts\Body">
      <UniqueIdentifier>{b36e2552-0859-49fc-862b-e839b3f8349b}</UniqueIdentifier>
    </Filter>
    <Filter Include="Game\Game objects\Player\Sophia\Parts\Cabin">
      <UniqueIdentifier>{b570774f-78a9-414a-9aa1-6543722693a2}</UniqueIdentifier>
    </Filter>
    <Filter Include="Game\Game objects\Player\Sophia\Parts\Gun">
      <UniqueIdentifier>{5629d4c7-0134-4126-bd29-ba98ae1d768a}</UniqueIdentifier>
    </Filter>
    <Filter Include="Game\Game objects\Player\Big Jason">
      <UniqueIdentifier>{e68a540c-e137-414d-b7ec-472ff032da97}</UniqueIdentifier>
    </Filter>
    <Filter Include="Game\Game objects\Enemies\Interrupt">
      <UniqueIdentifier>{3d2d7d9f-4fbf-45e2-ade7-337418301b7d}</UniqueIdentifier>
    </Filter>
    <Filter Include="Game\Game objects\Enemies\Neo worm">
      <UniqueIdentifier>{6ef2be72-9c1b-4c38-8c76-6d50814ea061}</UniqueIdentifier>
    </Filter>
    <Filter Include="Game\Game objects\Enemies\Ballcarry">
      <UniqueIdentifier>{d480c70f-a15b-4b21-9a40-c9b1c214b9f6}</UniqueIdentifier>
    </Filter>
    <Filter Include="Game\Game objects\Items">
      <UniqueIdentifier>{0e2217ce-13a8-4ea2-8553-d19090feca3f}</UniqueIdentifier>
    </Filter>
    <Filter Include="Game\Game objects\Platform">
      <UniqueIdentifier>{9d2825ae-a7b0-4e5c-9c57-86e7ebc6a25c}</UniqueIdentifier>
    </Filter>
    <Filter Include="Game\Game objects\Effect">
      <UniqueIdentifier>{9e1eaccf-1319-4628-b029-636950f5b27d}</UniqueIdentifier>
    </Filter>
    <Filter Include="Game\Game objects\Effect\Small destroy">
      <UniqueIdentifier>{1a5af209-b918-4054-b13f-736931e6faba}</UniqueIdentifier>
    </Filter>
    <Filter Include="Game\Game objects\Effect\Big destroy">
      <UniqueIdentifier>{61bbfff9-ca98-47f6-b3dc-adf78c045cbd}</UniqueIdentifier>
    </Filter>
    <Filter Include="Game\Game objects\Items\Base">
      <UniqueIdentifier>{846740c7-28df-4331-a77f-06960d035da8}</UniqueIdentifier>
    </Filter>
    <Filter Include="Game\Game objects\Items\Health">
      <UniqueIdentifier>{0eea5b93-e2c8-4d1c-9712-c7b5314b364e}</UniqueIdentifier>
    </Filter>
    <Filter Include="Game\Game objects\Enemies\Base">
      <UniqueIdentifier>{8a83077c-e509-4dde-966a-a193e53b76e6}</UniqueIdentifier>
    </Filter>
    <Filter Include="Game\Game objects\Player\Base">
      <UniqueIdentifier>{372e8463-4897-4b94-bda0-25014224353e}</UniqueIdentifier>
    </Filter>
    <Filter Include="Game\Game objects\Platform\Brick">
      <UniqueIdentifier>{25cacf64-8ebb-479e-87c7-482c126f0614}</UniqueIdentifier>
    </Filter>
    <Filter Include="Game\Game objects\Platform\Thorny brick">
      <UniqueIdentifier>{8a618bf9-d00d-4527-8679-c04f176cb8e4}</UniqueIdentifier>
    </Filter>
    <Filter Include="Game\Game objects\Platform\Wall">
      <UniqueIdentifier>{3a1a50e9-7f25-4855-9001-37ee59330d34}</UniqueIdentifier>
    </Filter>
    <Filter Include="Game\Game objects\Bullet\Base">
      <UniqueIdentifier>{7fa78137-600f-422b-a131-f6142d1f1edd}</UniqueIdentifier>
    </Filter>
    <Filter Include="Game\Game objects\Bullet\BigJason Bullet">
      <UniqueIdentifier>{776a84c3-f59c-4499-9082-d57cb17cc313}</UniqueIdentifier>
    </Filter>
    <Filter Include="Game\Game objects\Bullet\Sophia bullet">
      <UniqueIdentifier>{af0c1b8d-6858-4184-a12b-f14fa0ac8024}</UniqueIdentifier>
    </Filter>
    <Filter Include="Game\Game objects\Items\Power">
      <UniqueIdentifier>{c67ffbc9-f90d-4171-b640-3c4d9898c970}</UniqueIdentifier>
    </Filter>
    <Filter Include="Game\Game objects\Bullet\GX680S bullet">
      <UniqueIdentifier>{a6f202d7-430b-4e52-9873-c9b161a9ca35}</UniqueIdentifier>
    </Filter>
    <Filter Include="Game\Game objects\Bullet\LazerGuard bullet">
      <UniqueIdentifier>{0dfd1c3f-f774-4482-a952-bb4f68378000}</UniqueIdentifier>
    </Filter>
    <Filter Include="Game\Game objects\Hub">
      <UniqueIdentifier>{46716e43-6206-4734-823a-97b82812e5a7}</UniqueIdentifier>
    </Filter>
    <Filter Include="Game\Game objects\Platform\Boss trigger">
      <UniqueIdentifier>{11a303bb-f179-4c53-9ca1-8106b6234668}</UniqueIdentifier>
    </Filter>
    <Filter Include="Game\Game objects\Boss">
      <UniqueIdentifier>{5db2c1d4-c41a-481b-ae59-0f59148c5f83}</UniqueIdentifier>
    </Filter>
    <Filter Include="Game\Game objects\Effect\FlashShooting">
      <UniqueIdentifier>{b7449965-d897-4c93-91d1-248a089c00a5}</UniqueIdentifier>
    </Filter>
    <Filter Include="Game\Game objects\Bullet\Boss bullet">
      <UniqueIdentifier>{8a7f10f8-00d3-4dd7-9d3c-7e530170a444}</UniqueIdentifier>
    </Filter>
    <Filter Include="Framework\Sound">
      <UniqueIdentifier>{9c7ac9b5-6811-46b4-89eb-0600016d7fdc}</UniqueIdentifier>
    </Filter>
  </ItemGroup>
  <ItemGroup>
    <ClCompile Include="main.cpp">
      <Filter>Source Files</Filter>
    </ClCompile>
    <ClCompile Include="Textures.cpp">
      <Filter>Framework\Textures</Filter>
    </ClCompile>
    <ClCompile Include="Sprites.cpp">
      <Filter>Framework\Sprites</Filter>
    </ClCompile>
    <ClCompile Include="GameObject.cpp">
      <Filter>Game\Game objects\Base</Filter>
    </ClCompile>
    <ClCompile Include="Sophia.cpp">
      <Filter>Game\Game objects\Player\Sophia</Filter>
    </ClCompile>
    <ClCompile Include="GameEnv.cpp">
      <Filter>Game\Enviroment</Filter>
    </ClCompile>
    <ClCompile Include="Camera.cpp">
      <Filter>Framework\Camera</Filter>
    </ClCompile>
    <ClCompile Include="Transform.cpp">
      <Filter>Framework\Transform</Filter>
    </ClCompile>
    <ClCompile Include="Sprite.cpp">
      <Filter>Framework\Sprites</Filter>
    </ClCompile>
    <ClCompile Include="Animation.cpp">
      <Filter>Framework\Sprites\Animation</Filter>
    </ClCompile>
    <ClCompile Include="AnimationFrame.cpp">
      <Filter>Framework\Sprites\Animation</Filter>
    </ClCompile>
    <ClCompile Include="Animations.cpp">
      <Filter>Framework\Sprites\Animation</Filter>
    </ClCompile>
    <ClCompile Include="KeyEventHandler.cpp">
      <Filter>Framework\Keyboard Handler</Filter>
    </ClCompile>
    <ClCompile Include="Jason.cpp">
      <Filter>Game\Game objects\Player\Jason</Filter>
    </ClCompile>
    <ClCompile Include="InputHandler.cpp">
      <Filter>Framework\Keyboard Handler</Filter>
    </ClCompile>
    <ClCompile Include="Player.cpp">
      <Filter>Framework\Player</Filter>
    </ClCompile>
    <ClCompile Include="EnemyDrap.cpp">
      <Filter>Game\Game objects\Enemies\Drap</Filter>
    </ClCompile>
    <ClCompile Include="EnemyEyelet.cpp">
      <Filter>Game\Game objects\Enemies\Eyelet</Filter>
    </ClCompile>
    <ClCompile Include="EnemyGX-680.cpp">
      <Filter>Game\Game objects\Enemies\GX-680</Filter>
    </ClCompile>
    <ClCompile Include="EnemyStuka.cpp">
      <Filter>Game\Game objects\Enemies\Stuka</Filter>
    </ClCompile>
    <ClCompile Include="EnemyOffside.cpp">
      <Filter>Game\Game objects\Enemies\Offside</Filter>
    </ClCompile>
    <ClCompile Include="SophiaWheel.cpp">
      <Filter>Game\Game objects\Player\Sophia\Parts\Wheel</Filter>
    </ClCompile>
    <ClCompile Include="SophiaBody.cpp">
      <Filter>Game\Game objects\Player\Sophia\Parts\Body</Filter>
    </ClCompile>
    <ClCompile Include="SophiaCabin.cpp">
      <Filter>Game\Game objects\Player\Sophia\Parts\Cabin</Filter>
    </ClCompile>
    <ClCompile Include="SophiaGun.cpp">
      <Filter>Game\Game objects\Player\Sophia\Parts\Gun</Filter>
    </ClCompile>
    <ClCompile Include="QuadTree.cpp">
      <Filter>Framework\QuadTree</Filter>
    </ClCompile>
    <ClCompile Include="Util.cpp">
      <Filter>Framework\Util</Filter>
    </ClCompile>
    <ClCompile Include="Collider2D.cpp">
      <Filter>Framework\Collision</Filter>
    </ClCompile>
    <ClCompile Include="EnemyBallot.cpp">
      <Filter>Game\Game objects\Enemies\Ballot</Filter>
    </ClCompile>
    <ClCompile Include="TriggerTag.cpp">
      <Filter>Framework\TriggerTag</Filter>
    </ClCompile>
    <ClCompile Include="Scene.cpp">
      <Filter>Framework\Scene</Filter>
    </ClCompile>
    <ClCompile Include="Gate.cpp">
      <Filter>Game\Game objects\Gate</Filter>
    </ClCompile>
    <ClCompile Include="BigJason.cpp">
      <Filter>Game\Game objects\Player\Big Jason</Filter>
    </ClCompile>
    <ClCompile Include="JasonDirectionState.cpp">
      <Filter>Game\Game objects\Player\Jason\State</Filter>
    </ClCompile>
    <ClCompile Include="EnemyInterrupt.cpp">
      <Filter>Game\Game objects\Enemies\Interrupt</Filter>
    </ClCompile>
    <ClCompile Include="EnemyNeoWorm.cpp">
      <Filter>Game\Game objects\Enemies\Neo worm</Filter>
    </ClCompile>
    <ClCompile Include="EnemyBallcarry.cpp">
      <Filter>Game\Game objects\Enemies\Ballcarry</Filter>
    </ClCompile>
    <ClCompile Include="EnemyBallbomb.cpp">
      <Filter>Game\Game objects\Enemies\Ballcarry</Filter>
    </ClCompile>
    <ClCompile Include="EnemyGX-680S.cpp">
      <Filter>Game\Game objects\Enemies\GX-680S</Filter>
    </ClCompile>
    <ClCompile Include="SmallDestroyEffect.cpp">
      <Filter>Game\Game objects\Effect\Small destroy</Filter>
    </ClCompile>
    <ClCompile Include="BigDestroyEffect.cpp">
      <Filter>Game\Game objects\Effect\Big destroy</Filter>
    </ClCompile>
    <ClCompile Include="ItemHealth.cpp">
      <Filter>Game\Game objects\Items\Health</Filter>
    </ClCompile>
    <ClCompile Include="ItemBase.cpp">
      <Filter>Game\Game objects\Items\Base</Filter>
    </ClCompile>
    <ClCompile Include="EnemyBase.cpp">
      <Filter>Game\Game objects\Enemies\Base</Filter>
    </ClCompile>
    <ClCompile Include="CharacterBase.cpp">
      <Filter>Game\Game objects\Player\Base</Filter>
    </ClCompile>
    <ClCompile Include="KeyHandler.cpp">
      <Filter>Framework\Keyboard Handler</Filter>
    </ClCompile>
    <ClCompile Include="Game.cpp">
      <Filter>Game\Base</Filter>
    </ClCompile>
    <ClCompile Include="Brick.cpp">
      <Filter>Game\Game objects\Platform\Brick</Filter>
    </ClCompile>
    <ClCompile Include="ThornyBrick.cpp">
      <Filter>Game\Game objects\Platform\Thorny brick</Filter>
    </ClCompile>
    <ClCompile Include="Mortar.cpp">
      <Filter>Game\Game objects\Platform\Wall</Filter>
    </ClCompile>
    <ClCompile Include="BigJasonBullet.cpp">
      <Filter>Game\Game objects\Bullet\BigJason Bullet</Filter>
    </ClCompile>
    <ClCompile Include="SophiaBullet.cpp">
      <Filter>Game\Game objects\Bullet\Sophia bullet</Filter>
    </ClCompile>
    <ClCompile Include="BulletBase.cpp">
      <Filter>Game\Game objects\Bullet\Base</Filter>
    </ClCompile>
    <ClCompile Include="ItemPower.cpp">
      <Filter>Game\Game objects\Items\Power</Filter>
    </ClCompile>
    <ClCompile Include="GX680SBullet.cpp">
      <Filter>Game\Game objects\Bullet\GX680S bullet</Filter>
    </ClCompile>
    <ClCompile Include="EnemyLazerGuard.cpp">
      <Filter>Game\Game objects\Enemies\Laser Guard</Filter>
    </ClCompile>
    <ClCompile Include="LazerGuardBullet.cpp">
      <Filter>Game\Game objects\Bullet\LazerGuard bullet</Filter>
    </ClCompile>
    <ClCompile Include="PlayerHealthHub.cpp">
      <Filter>Game\Game objects\Hub</Filter>
    </ClCompile>
    <ClCompile Include="BossTrigger.cpp">
      <Filter>Game\Game objects\Platform\Boss trigger</Filter>
    </ClCompile>
    <ClCompile Include="Boss.cpp">
      <Filter>Game\Game objects\Boss</Filter>
    </ClCompile>
    <ClCompile Include="BigJasonFlashShootingX.cpp">
      <Filter>Game\Game objects\Effect\FlashShooting</Filter>
    </ClCompile>
    <ClCompile Include="BigJasonFlashShootingY.cpp">
      <Filter>Game\Game objects\Effect\FlashShooting</Filter>
    </ClCompile>
    <ClCompile Include="BossMarbleBullet.cpp">
      <Filter>Game\Game objects\Bullet\Boss bullet</Filter>
    </ClCompile>
    <ClCompile Include="Sound.cpp">
      <Filter>Framework\Sound</Filter>
    </ClCompile>
  </ItemGroup>
  <ItemGroup>
    <ClInclude Include="Textures.h">
      <Filter>Framework\Textures</Filter>
    </ClInclude>
    <ClInclude Include="Sprites.h">
      <Filter>Framework\Sprites</Filter>
    </ClInclude>
    <ClInclude Include="GameObject.h">
      <Filter>Game\Game objects\Base</Filter>
    </ClInclude>
    <ClInclude Include="Sophia.h">
      <Filter>Game\Game objects\Player\Sophia</Filter>
    </ClInclude>
    <ClInclude Include="GameEnv.h">
      <Filter>Game\Enviroment</Filter>
    </ClInclude>
    <ClInclude Include="Camera.h">
      <Filter>Framework\Camera</Filter>
    </ClInclude>
    <ClInclude Include="Transform.h">
      <Filter>Framework\Transform</Filter>
    </ClInclude>
    <ClInclude Include="Sprite.h">
      <Filter>Framework\Sprites</Filter>
    </ClInclude>
    <ClInclude Include="Animation.h">
      <Filter>Framework\Sprites\Animation</Filter>
    </ClInclude>
    <ClInclude Include="AnimationFrame.h">
      <Filter>Framework\Sprites\Animation</Filter>
    </ClInclude>
    <ClInclude Include="Animations.h">
      <Filter>Framework\Sprites\Animation</Filter>
    </ClInclude>
    <ClInclude Include="KeyEventHandler.h">
      <Filter>Framework\Keyboard Handler</Filter>
    </ClInclude>
    <ClInclude Include="Jason.h">
      <Filter>Game\Game objects\Player\Jason</Filter>
    </ClInclude>
    <ClInclude Include="InputHandler.h">
      <Filter>Framework\Keyboard Handler</Filter>
    </ClInclude>
    <ClInclude Include="Player.h">
      <Filter>Framework\Player</Filter>
    </ClInclude>
    <ClInclude Include="EnemyDrap.h">
      <Filter>Game\Game objects\Enemies\Drap</Filter>
    </ClInclude>
    <ClInclude Include="EnemyEyelet.h">
      <Filter>Game\Game objects\Enemies\Eyelet</Filter>
    </ClInclude>
    <ClInclude Include="EnemyGX-680.h">
      <Filter>Game\Game objects\Enemies\GX-680</Filter>
    </ClInclude>
    <ClInclude Include="EnemyStuka.h">
      <Filter>Game\Game objects\Enemies\Stuka</Filter>
    </ClInclude>
    <ClInclude Include="EnemyOffside.h">
      <Filter>Game\Game objects\Enemies\Offside</Filter>
    </ClInclude>
    <ClInclude Include="SophiaWheel.h">
      <Filter>Game\Game objects\Player\Sophia\Parts\Wheel</Filter>
    </ClInclude>
    <ClInclude Include="SophiaBody.h">
      <Filter>Game\Game objects\Player\Sophia\Parts\Body</Filter>
    </ClInclude>
    <ClInclude Include="SophiaCabin.h">
      <Filter>Game\Game objects\Player\Sophia\Parts\Cabin</Filter>
    </ClInclude>
    <ClInclude Include="SophiaGun.h">
      <Filter>Game\Game objects\Player\Sophia\Parts\Gun</Filter>
    </ClInclude>
    <ClInclude Include="QuadTree.h">
      <Filter>Framework\QuadTree</Filter>
    </ClInclude>
    <ClInclude Include="Util.h">
      <Filter>Framework\Util</Filter>
    </ClInclude>
    <ClInclude Include="resources.h">
      <Filter>Source Files</Filter>
    </ClInclude>
    <ClInclude Include="Collider2D.h">
      <Filter>Framework\Collision</Filter>
    </ClInclude>
    <ClInclude Include="EnemyBallot.h">
      <Filter>Game\Game objects\Enemies\Ballot</Filter>
    </ClInclude>
    <ClInclude Include="TriggerTag.h">
      <Filter>Framework\TriggerTag</Filter>
    </ClInclude>
    <ClInclude Include="Scene.h">
      <Filter>Framework\Scene</Filter>
    </ClInclude>
    <ClInclude Include="Gate.h">
      <Filter>Game\Game objects\Gate</Filter>
    </ClInclude>
    <ClInclude Include="BigJason.h">
      <Filter>Game\Game objects\Player\Big Jason</Filter>
    </ClInclude>
    <ClInclude Include="JasonDirectionState.h">
      <Filter>Game\Game objects\Player\Jason\State</Filter>
    </ClInclude>
    <ClInclude Include="EnemyInterrupt.h">
      <Filter>Game\Game objects\Enemies\Interrupt</Filter>
    </ClInclude>
    <ClInclude Include="EnemyNeoWorm.h">
      <Filter>Game\Game objects\Enemies\Neo worm</Filter>
    </ClInclude>
    <ClInclude Include="EnemyBallcarry.h">
      <Filter>Game\Game objects\Enemies\Ballcarry</Filter>
    </ClInclude>
    <ClInclude Include="EnemyBallbomb.h">
      <Filter>Game\Game objects\Enemies\Ballcarry</Filter>
    </ClInclude>
    <ClInclude Include="EnemyGX-680S.h">
      <Filter>Game\Game objects\Enemies\GX-680S</Filter>
    </ClInclude>
    <ClInclude Include="SmallDestroyEffect.h">
      <Filter>Game\Game objects\Effect\Small destroy</Filter>
    </ClInclude>
    <ClInclude Include="BigDestroyEffect.h">
      <Filter>Game\Game objects\Effect\Big destroy</Filter>
    </ClInclude>
    <ClInclude Include="ItemHealth.h">
      <Filter>Game\Game objects\Items\Health</Filter>
    </ClInclude>
    <ClInclude Include="ItemBase.h">
      <Filter>Game\Game objects\Items\Base</Filter>
    </ClInclude>
    <ClInclude Include="EnemyBase.h">
      <Filter>Game\Game objects\Enemies\Base</Filter>
    </ClInclude>
    <ClInclude Include="CharacterBase.h">
      <Filter>Game\Game objects\Player\Base</Filter>
    </ClInclude>
    <ClInclude Include="KeyHandler.h">
      <Filter>Framework\Keyboard Handler</Filter>
    </ClInclude>
    <ClInclude Include="Game.h">
      <Filter>Game\Base</Filter>
    </ClInclude>
    <ClInclude Include="Brick.h">
      <Filter>Game\Game objects\Platform\Brick</Filter>
    </ClInclude>
    <ClInclude Include="ThornyBrick.h">
      <Filter>Game\Game objects\Platform\Thorny brick</Filter>
    </ClInclude>
    <ClInclude Include="Mortar.h">
      <Filter>Game\Game objects\Platform\Wall</Filter>
    </ClInclude>
    <ClInclude Include="BigJasonBullet.h">
      <Filter>Game\Game objects\Bullet\BigJason Bullet</Filter>
    </ClInclude>
    <ClInclude Include="SophiaBullet.h">
      <Filter>Game\Game objects\Bullet\Sophia bullet</Filter>
    </ClInclude>
    <ClInclude Include="BulletBase.h">
      <Filter>Game\Game objects\Bullet\Base</Filter>
    </ClInclude>
    <ClInclude Include="ItemPower.h">
      <Filter>Game\Game objects\Items\Power</Filter>
    </ClInclude>
    <ClInclude Include="GX680SBullet.h">
      <Filter>Game\Game objects\Bullet\GX680S bullet</Filter>
    </ClInclude>
    <ClInclude Include="EnemyLazerGuard.h">
      <Filter>Game\Game objects\Enemies\Laser Guard</Filter>
    </ClInclude>
    <ClInclude Include="LazerGuardBullet.h">
      <Filter>Game\Game objects\Bullet\LazerGuard bullet</Filter>
    </ClInclude>
    <ClInclude Include="PlayerHealthHub.h">
      <Filter>Game\Game objects\Hub</Filter>
    </ClInclude>
    <ClInclude Include="BossTrigger.h">
      <Filter>Game\Game objects\Platform\Boss trigger</Filter>
    </ClInclude>
    <ClInclude Include="Boss.h">
      <Filter>Game\Game objects\Boss</Filter>
    </ClInclude>
    <ClInclude Include="BigJasonFlashShootingX.h">
      <Filter>Game\Game objects\Effect\FlashShooting</Filter>
    </ClInclude>
    <ClInclude Include="BigJasonFlashShootingY.h">
      <Filter>Game\Game objects\Effect\FlashShooting</Filter>
    </ClInclude>
    <ClInclude Include="BossMarbleBullet.h">
      <Filter>Game\Game objects\Bullet\Boss bullet</Filter>
    </ClInclude>
    <ClInclude Include="Sound.h">
      <Filter>Framework\Sound</Filter>
    </ClInclude>
  </ItemGroup>
</Project>