<?xml version="1.0" encoding="utf-8"?>
<Project ToolsVersion="4.0" xmlns="http://schemas.microsoft.com/developer/msbuild/2003">
  <ItemGroup>
    <Filter Include="Source Files">
      <UniqueIdentifier>{4FC737F1-C7A5-4376-A066-2A32D752A2FF}</UniqueIdentifier>
      <Extensions>cpp;c;cc;cxx;c++;cppm;ixx;def;odl;idl;hpj;bat;asm;asmx</Extensions>
    </Filter>
    <Filter Include="Game Objects">
      <UniqueIdentifier>{145fc807-d6bc-4651-af49-4db3e2e59685}</UniqueIdentifier>
    </Filter>
    <Filter Include="Game Objects\Base">
      <UniqueIdentifier>{635c6bf1-dd07-4f83-9edc-483c171038e6}</UniqueIdentifier>
    </Filter>
    <Filter Include="Game Objects\Player">
      <UniqueIdentifier>{970a2267-9c06-411d-add0-550f9651acbc}</UniqueIdentifier>
    </Filter>
    <Filter Include="Game Objects\Npc">
      <UniqueIdentifier>{1000ea67-8118-4f8a-8421-6b43b6bf7d56}</UniqueIdentifier>
    </Filter>
    <Filter Include="Framework">
      <UniqueIdentifier>{6ec4c09e-d309-4619-a690-3c6cf7f6b90a}</UniqueIdentifier>
    </Filter>
    <Filter Include="Framework\Game">
      <UniqueIdentifier>{e00d61de-d3c7-41eb-a8ee-2ba85b8bbb33}</UniqueIdentifier>
    </Filter>
    <Filter Include="Framework\Prepare">
      <UniqueIdentifier>{41f0b68e-631a-4f7a-b726-7367a44e7a4c}</UniqueIdentifier>
    </Filter>
    <Filter Include="Framework\Game movement">
      <UniqueIdentifier>{c1deae0b-8f64-4139-b3ce-5bab24f4db97}</UniqueIdentifier>
    </Filter>
    <Filter Include="Framework\Sprites">
      <UniqueIdentifier>{f26774bb-9624-4b51-9e13-8a3b21f15229}</UniqueIdentifier>
    </Filter>
    <Filter Include="Framework\Textures">
      <UniqueIdentifier>{95bfbd3e-ade5-42cc-816f-4e9b068d869a}</UniqueIdentifier>
    </Filter>
    <Filter Include="Framework\Camera">
      <UniqueIdentifier>{58c4f323-3716-43a1-8975-6314f66d2031}</UniqueIdentifier>
    </Filter>
    <Filter Include="Framework\Debug">
      <UniqueIdentifier>{7781f070-6cc1-410f-8537-cec7f38d5bb3}</UniqueIdentifier>
    </Filter>
    <Filter Include="Framework\Common">
      <UniqueIdentifier>{91b32f09-ed54-4c94-8748-daa339c3be00}</UniqueIdentifier>
    </Filter>
  </ItemGroup>
  <ItemGroup>
    <ClCompile Include="main.cpp">
      <Filter>Source Files</Filter>
    </ClCompile>
    <ClCompile Include="Textures.cpp">
      <Filter>Framework\Textures</Filter>
    </ClCompile>
    <ClCompile Include="Sprites.cpp">
      <Filter>Framework\Sprites</Filter>
    </ClCompile>
    <ClCompile Include="GameObject.cpp">
      <Filter>Game Objects\Base</Filter>
    </ClCompile>
    <ClCompile Include="GamePlayer.cpp">
      <Filter>Game Objects\Player</Filter>
    </ClCompile>
    <ClCompile Include="GameNpc.cpp">
      <Filter>Game Objects\Npc</Filter>
    </ClCompile>
    <ClCompile Include="debug.cpp">
      <Filter>Framework\Debug</Filter>
    </ClCompile>
    <ClCompile Include="GameMovement.cpp">
      <Filter>Framework\Game movement</Filter>
    </ClCompile>
    <ClCompile Include="Game.cpp">
      <Filter>Framework\Game</Filter>
    </ClCompile>
    <ClCompile Include="prepare.cpp">
      <Filter>Framework\Prepare</Filter>
    </ClCompile>
    <ClCompile Include="Camera.cpp">
      <Filter>Framework\Camera</Filter>
    </ClCompile>
  </ItemGroup>
  <ItemGroup>
    <ClInclude Include="Textures.h">
      <Filter>Framework\Textures</Filter>
    </ClInclude>
    <ClInclude Include="Sprites.h">
      <Filter>Framework\Sprites</Filter>
    </ClInclude>
    <ClInclude Include="GameObject.h">
      <Filter>Game Objects\Base</Filter>
    </ClInclude>
    <ClInclude Include="GamePlayer.h">
      <Filter>Game Objects\Player</Filter>
    </ClInclude>
    <ClInclude Include="GameNpc.h">
      <Filter>Game Objects\Npc</Filter>
    </ClInclude>
    <ClInclude Include="debug.h">
      <Filter>Framework\Debug</Filter>
    </ClInclude>
    <ClInclude Include="GameMovement.h">
      <Filter>Framework\Game movement</Filter>
    </ClInclude>
    <ClInclude Include="Game.h">
      <Filter>Framework\Game</Filter>
    </ClInclude>
    <ClInclude Include="prepare.h">
      <Filter>Framework\Prepare</Filter>
    </ClInclude>
    <ClInclude Include="Camera.h">
      <Filter>Framework\Camera</Filter>
    </ClInclude>
    <ClInclude Include="resources.h">
      <Filter>Framework\Common</Filter>
    </ClInclude>
  </ItemGroup>
</Project>